
Microsoft Visual Studio Solution File, Format Version 12.00
# Visual Studio 14
VisualStudioVersion = 14.0.25420.1
MinimumVisualStudioVersion = 10.0.40219.1
Project("{8BC9CEB8-8B4A-11D0-8D11-00A0C91BC942}") = "1.static关键字", "1.static关键字\1.static关键字.vcxproj", "{1C185271-1958-4227-901C-994BCE5673E3}"
EndProject
Project("{8BC9CEB8-8B4A-11D0-8D11-00A0C91BC942}") = "2-数据类型的长度", "2-数据类型的长度\2-数据类型的长度.vcxproj", "{D1788515-40EE-403B-8BE4-CEC971AA29A5}"
EndProject
Project("{8BC9CEB8-8B4A-11D0-8D11-00A0C91BC942}") = "3.变量命名", "3.变量命名\3.变量命名.vcxproj", "{1B3EE82A-C354-4D7E-AA60-8CB4022B2759}"
EndProject
Project("{8BC9CEB8-8B4A-11D0-8D11-00A0C91BC942}") = "4.sizeof关键字", "4.sizeof关键字\4.sizeof关键字.vcxproj", "{C6CB2F5D-D43A-441F-9821-779D5586ECD3}"
EndProject
Project("{8BC9CEB8-8B4A-11D0-8D11-00A0C91BC942}") = "extern关键字", "extern关键字\extern关键字.vcxproj", "{1709C378-1041-43F0-B138-F62AFFB23891}"
EndProject
Global
	GlobalSection(SolutionConfigurationPlatforms) = preSolution
		Debug|x64 = Debug|x64
		Debug|x86 = Debug|x86
		Release|x64 = Release|x64
		Release|x86 = Release|x86
	EndGlobalSection
	GlobalSection(ProjectConfigurationPlatforms) = postSolution
		{1C185271-1958-4227-901C-994BCE5673E3}.Debug|x64.ActiveCfg = Debug|x64
		{1C185271-1958-4227-901C-994BCE5673E3}.Debug|x64.Build.0 = Debug|x64
		{1C185271-1958-4227-901C-994BCE5673E3}.Debug|x86.ActiveCfg = Debug|Win32
		{1C185271-1958-4227-901C-994BCE5673E3}.Debug|x86.Build.0 = Debug|Win32
		{1C185271-1958-4227-901C-994BCE5673E3}.Release|x64.ActiveCfg = Release|x64
		{1C185271-1958-4227-901C-994BCE5673E3}.Release|x64.Build.0 = Release|x64
		{1C185271-1958-4227-901C-994BCE5673E3}.Release|x86.ActiveCfg = Release|Win32
		{1C185271-1958-4227-901C-994BCE5673E3}.Release|x86.Build.0 = Release|Win32
		{D1788515-40EE-403B-8BE4-CEC971AA29A5}.Debug|x64.ActiveCfg = Debug|x64
		{D1788515-40EE-403B-8BE4-CEC971AA29A5}.Debug|x64.Build.0 = Debug|x64
		{D1788515-40EE-403B-8BE4-CEC971AA29A5}.Debug|x86.ActiveCfg = Debug|Win32
		{D1788515-40EE-403B-8BE4-CEC971AA29A5}.Debug|x86.Build.0 = Debug|Win32
		{D1788515-40EE-403B-8BE4-CEC971AA29A5}.Release|x64.ActiveCfg = Release|x64
		{D1788515-40EE-403B-8BE4-CEC971AA29A5}.Release|x64.Build.0 = Release|x64
		{D1788515-40EE-403B-8BE4-CEC971AA29A5}.Release|x86.ActiveCfg = Release|Win32
		{D1788515-40EE-403B-8BE4-CEC971AA29A5}.Release|x86.Build.0 = Release|Win32
		{1B3EE82A-C354-4D7E-AA60-8CB4022B2759}.Debug|x64.ActiveCfg = Debug|x64
		{1B3EE82A-C354-4D7E-AA60-8CB4022B2759}.Debug|x64.Build.0 = Debug|x64
		{1B3EE82A-C354-4D7E-AA60-8CB4022B2759}.Debug|x86.ActiveCfg = Debug|Win32
		{1B3EE82A-C354-4D7E-AA60-8CB4022B2759}.Debug|x86.Build.0 = Debug|Win32
		{1B3EE82A-C354-4D7E-AA60-8CB4022B2759}.Release|x64.ActiveCfg = Release|x64
		{1B3EE82A-C354-4D7E-AA60-8CB4022B2759}.Release|x64.Build.0 = Release|x64
		{1B3EE82A-C354-4D7E-AA60-8CB4022B2759}.Release|x86.ActiveCfg = Release|Win32
		{1B3EE82A-C354-4D7E-AA60-8CB4022B2759}.Release|x86.Build.0 = Release|Win32
		{C6CB2F5D-D43A-441F-9821-779D5586ECD3}.Debug|x64.ActiveCfg = Debug|x64
		{C6CB2F5D-D43A-441F-9821-779D5586ECD3}.Debug|x64.Build.0 = Debug|x64
		{C6CB2F5D-D43A-441F-9821-779D5586ECD3}.Debug|x86.ActiveCfg = Debug|Win32
		{C6CB2F5D-D43A-441F-9821-779D5586ECD3}.Debug|x86.Build.0 = Debug|Win32
		{C6CB2F5D-D43A-441F-9821-779D5586ECD3}.Release|x64.ActiveCfg = Release|x64
		{C6CB2F5D-D43A-441F-9821-779D5586ECD3}.Release|x64.Build.0 = Release|x64
		{C6CB2F5D-D43A-441F-9821-779D5586ECD3}.Release|x86.ActiveCfg = Release|Win32
		{C6CB2F5D-D43A-441F-9821-779D5586ECD3}.Release|x86.Build.0 = Release|Win32
		{1709C378-1041-43F0-B138-F62AFFB23891}.Debug|x64.ActiveCfg = Debug|x64
		{1709C378-1041-43F0-B138-F62AFFB23891}.Debug|x64.Build.0 = Debug|x64
		{1709C378-1041-43F0-B138-F62AFFB23891}.Debug|x86.ActiveCfg = Debug|Win32
		{1709C378-1041-43F0-B138-F62AFFB23891}.Debug|x86.Build.0 = Debug|Win32
		{1709C378-1041-43F0-B138-F62AFFB23891}.Release|x64.ActiveCfg = Release|x64
		{1709C378-1041-43F0-B138-F62AFFB23891}.Release|x64.Build.0 = Release|x64
		{1709C378-1041-43F0-B138-F62AFFB23891}.Release|x86.ActiveCfg = Release|Win32
		{1709C378-1041-43F0-B138-F62AFFB23891}.Release|x86.Build.0 = Release|Win32
	EndGlobalSection
	GlobalSection(SolutionProperties) = preSolution
		HideSolutionNode = FALSE
	EndGlobalSection
EndGlobal
